{
  "version": 4,
  "terraform_version": "1.13.5",
  "serial": 10,
  "lineage": "acd07305-e823-af77-fa3d-1f811553c4f5",
  "outputs": {
    "instance_public_dns": {
      "value": "ec2-13-126-10-149.ap-south-1.compute.amazonaws.com",
      "type": "string"
    },
    "instance_public_ip": {
      "value": "13.126.10.149",
      "type": "string"
    }
  },
  "resources": [
    {
      "mode": "data",
      "type": "aws_security_group",
      "name": "jarvis_sg",
      "provider": "provider[\"registry.terraform.io/hashicorp/aws\"]",
      "instances": [
        {
          "schema_version": 0,
          "attributes": {
            "arn": "arn:aws:ec2:ap-south-1:141729833326:security-group/sg-09ea40b24365b2b42",
            "description": "Allow SSH and Jarvis app traffic",
            "filter": [
              {
                "name": "group-name",
                "values": [
                  "jarvis-sg"
                ]
              },
              {
                "name": "vpc-id",
                "values": [
                  "vpc-0c6b61f2d046190b5"
                ]
              }
            ],
            "id": "sg-09ea40b24365b2b42",
            "name": "jarvis-sg",
            "region": "ap-south-1",
            "tags": {
              "Name": "Jarvis-SG"
            },
            "timeouts": null,
            "vpc_id": "vpc-0c6b61f2d046190b5"
          },
          "sensitive_attributes": [],
          "identity_schema_version": 0
        }
      ]
    },
    {
      "mode": "managed",
      "type": "aws_instance",
      "name": "jarvis",
      "provider": "provider[\"registry.terraform.io/hashicorp/aws\"]",
      "instances": [
        {
          "schema_version": 2,
          "attributes": {
            "ami": "ami-0ade68f094cc81635",
            "arn": "arn:aws:ec2:ap-south-1:141729833326:instance/i-081fda16bc317c699",
            "associate_public_ip_address": true,
            "availability_zone": "ap-south-1a",
            "capacity_reservation_specification": [
              {
                "capacity_reservation_preference": "open",
                "capacity_reservation_target": []
              }
            ],
            "cpu_options": [
              {
                "amd_sev_snp": "",
                "core_count": 1,
                "threads_per_core": 1
              }
            ],
            "credit_specification": [
              {
                "cpu_credits": "standard"
              }
            ],
            "disable_api_stop": false,
            "disable_api_termination": false,
            "ebs_block_device": [],
            "ebs_optimized": false,
            "enable_primary_ipv6": null,
            "enclave_options": [
              {
                "enabled": false
              }
            ],
            "ephemeral_block_device": [],
            "force_destroy": false,
            "get_password_data": false,
            "hibernation": false,
            "host_id": "",
            "host_resource_group_arn": null,
            "iam_instance_profile": "",
            "id": "i-081fda16bc317c699",
            "instance_initiated_shutdown_behavior": "stop",
            "instance_lifecycle": "",
            "instance_market_options": [],
            "instance_state": "running",
            "instance_type": "t2.micro",
            "ipv6_address_count": 0,
            "ipv6_addresses": [],
            "key_name": "terraform",
            "launch_template": [],
            "maintenance_options": [
              {
                "auto_recovery": "default"
              }
            ],
            "metadata_options": [
              {
                "http_endpoint": "enabled",
                "http_protocol_ipv6": "disabled",
                "http_put_response_hop_limit": 1,
                "http_tokens": "optional",
                "instance_metadata_tags": "disabled"
              }
            ],
            "monitoring": false,
            "network_interface": [],
            "outpost_arn": "",
            "password_data": "",
            "placement_group": "",
            "placement_group_id": "",
            "placement_partition_number": 0,
            "primary_network_interface": [
              {
                "delete_on_termination": true,
                "network_interface_id": "eni-0a0169a810b605784"
              }
            ],
            "primary_network_interface_id": "eni-0a0169a810b605784",
            "private_dns": "ip-172-31-26-143.ap-south-1.compute.internal",
            "private_dns_name_options": [
              {
                "enable_resource_name_dns_a_record": false,
                "enable_resource_name_dns_aaaa_record": false,
                "hostname_type": "ip-name"
              }
            ],
            "private_ip": "172.31.26.143",
            "public_dns": "ec2-13-126-10-149.ap-south-1.compute.amazonaws.com",
            "public_ip": "13.126.10.149",
            "region": "ap-south-1",
            "root_block_device": [
              {
                "delete_on_termination": true,
                "device_name": "/dev/sda1",
                "encrypted": false,
                "iops": 100,
                "kms_key_id": "",
                "tags": {},
                "tags_all": {},
                "throughput": 0,
                "volume_id": "vol-011895613a912b2c4",
                "volume_size": 8,
                "volume_type": "gp2"
              }
            ],
            "secondary_private_ips": [],
            "security_groups": [
              "jarvis-sg"
            ],
            "source_dest_check": true,
            "spot_instance_request_id": "",
            "subnet_id": "subnet-0b7ffdec16dd0024c",
            "tags": {
              "Name": "Jarvis-Voice-Assistant"
            },
            "tags_all": {
              "Name": "Jarvis-Voice-Assistant"
            },
            "tenancy": "default",
            "timeouts": null,
            "user_data": "#!/bin/bash\nsudo apt update -y\nsudo apt install python3 python3-pip git -y\n\ncd /home/ubuntu\ngit clone https://github.com/AishwaryaPawar149/Jarvis-Desktop-Voice-Assistant.git\n\ncd Jarvis-Desktop-Voice-Assistant\npip3 install -r requirements.txt\n\necho \"[Unit]\nDescription=Jarvis Desktop Voice Assistant\nAfter=network.target\n\n[Service]\nExecStart=/usr/bin/python3 /home/ubuntu/Jarvis-Desktop-Voice-Assistant/jarvis.py\nRestart=always\nUser=ubuntu\n\n[Install]\nWantedBy=multi-user.target\" \u003e /etc/systemd/system/jarvis.service\n\nsudo systemctl daemon-reload\nsudo systemctl enable jarvis.service\nsudo systemctl start jarvis.service\n",
            "user_data_base64": null,
            "user_data_replace_on_change": false,
            "volume_tags": null,
            "vpc_security_group_ids": [
              "sg-09ea40b24365b2b42"
            ]
          },
          "sensitive_attributes": [],
          "identity_schema_version": 0,
          "identity": {
            "account_id": "141729833326",
            "id": "i-081fda16bc317c699",
            "region": "ap-south-1"
          },
          "private": "eyJlMmJmYjczMC1lY2FhLTExZTYtOGY4OC0zNDM2M2JjN2M0YzAiOnsiY3JlYXRlIjo2MDAwMDAwMDAwMDAsImRlbGV0ZSI6MTIwMDAwMDAwMDAwMCwicmVhZCI6OTAwMDAwMDAwMDAwLCJ1cGRhdGUiOjYwMDAwMDAwMDAwMH0sInNjaGVtYV92ZXJzaW9uIjoiMiJ9",
          "dependencies": [
            "data.aws_security_group.jarvis_sg"
          ]
        }
      ]
    }
  ],
  "check_results": null
}
